// !$*UTF8*$!
{
	archiveVersion = 1;
	classes = {
	};
	objectVersion = 46;
	objects = {

/* Begin PBXBuildFile section */
		051E2E18193F67C30061DDEC /* Foundation.framework in Frameworks */ = {isa = PBXBuildFile; fileRef = 051E2E17193F67C30061DDEC /* Foundation.framework */; };
		051E2E1A193F67C30061DDEC /* CoreGraphics.framework in Frameworks */ = {isa = PBXBuildFile; fileRef = 051E2E19193F67C30061DDEC /* CoreGraphics.framework */; };
		051E2E1C193F67C30061DDEC /* UIKit.framework in Frameworks */ = {isa = PBXBuildFile; fileRef = 051E2E1B193F67C30061DDEC /* UIKit.framework */; };
		051E2E22193F67C30061DDEC /* InfoPlist.strings in Resources */ = {isa = PBXBuildFile; fileRef = 051E2E20193F67C30061DDEC /* InfoPlist.strings */; };
		051E2E24193F67C30061DDEC /* PZMain.m in Sources */ = {isa = PBXBuildFile; fileRef = 051E2E23193F67C30061DDEC /* PZMain.m */; };
		051E2E2B193F67C30061DDEC /* Main_iPhone.storyboard in Resources */ = {isa = PBXBuildFile; fileRef = 051E2E29193F67C30061DDEC /* Main_iPhone.storyboard */; };
		051E2E2E193F67C40061DDEC /* Main_iPad.storyboard in Resources */ = {isa = PBXBuildFile; fileRef = 051E2E2C193F67C40061DDEC /* Main_iPad.storyboard */; };
		051E2E33193F67C40061DDEC /* Images.xcassets in Resources */ = {isa = PBXBuildFile; fileRef = 051E2E32193F67C40061DDEC /* Images.xcassets */; };
		051E2E3A193F67C40061DDEC /* XCTest.framework in Frameworks */ = {isa = PBXBuildFile; fileRef = 051E2E39193F67C40061DDEC /* XCTest.framework */; };
		051E2E3B193F67C40061DDEC /* Foundation.framework in Frameworks */ = {isa = PBXBuildFile; fileRef = 051E2E17193F67C30061DDEC /* Foundation.framework */; };
		051E2E3C193F67C40061DDEC /* UIKit.framework in Frameworks */ = {isa = PBXBuildFile; fileRef = 051E2E1B193F67C30061DDEC /* UIKit.framework */; };
		051E2E44193F67C40061DDEC /* InfoPlist.strings in Resources */ = {isa = PBXBuildFile; fileRef = 051E2E42193F67C40061DDEC /* InfoPlist.strings */; };
		051E2E46193F67C40061DDEC /* PzCalcTests.m in Sources */ = {isa = PBXBuildFile; fileRef = 051E2E45193F67C40061DDEC /* PzCalcTests.m */; };
		05A5C52B193F6C1700EC753F /* PZAppDelegate.m in Sources */ = {isa = PBXBuildFile; fileRef = 05A5C528193F6C1700EC753F /* PZAppDelegate.m */; };
		05A5C52C193F6C1700EC753F /* PZViewController.m in Sources */ = {isa = PBXBuildFile; fileRef = 05A5C52A193F6C1700EC753F /* PZViewController.m */; };
/* End PBXBuildFile section */

/* Begin PBXContainerItemProxy section */
		051E2E3D193F67C40061DDEC /* PBXContainerItemProxy */ = {
			isa = PBXContainerItemProxy;
			containerPortal = 051E2E0C193F67C30061DDEC /* Project object */;
			proxyType = 1;
			remoteGlobalIDString = 051E2E13193F67C30061DDEC;
			remoteInfo = PzCalc;
		};
/* End PBXContainerItemProxy section */

/* Begin PBXFileReference section */
		051E2E14193F67C30061DDEC /* PzCalc.app */ = {isa = PBXFileReference; explicitFileType = wrapper.application; includeInIndex = 0; path = PzCalc.app; sourceTree = BUILT_PRODUCTS_DIR; };
		051E2E17193F67C30061DDEC /* Foundation.framework */ = {isa = PBXFileReference; lastKnownFileType = wrapper.framework; name = Foundation.framework; path = System/Library/Frameworks/Foundation.framework; sourceTree = SDKROOT; };
		051E2E19193F67C30061DDEC /* CoreGraphics.framework */ = {isa = PBXFileReference; lastKnownFileType = wrapper.framework; name = CoreGraphics.framework; path = System/Library/Frameworks/CoreGraphics.framework; sourceTree = SDKROOT; };
		051E2E1B193F67C30061DDEC /* UIKit.framework */ = {isa = PBXFileReference; lastKnownFileType = wrapper.framework; name = UIKit.framework; path = System/Library/Frameworks/UIKit.framework; sourceTree = SDKROOT; };
		051E2E1F193F67C30061DDEC /* PzCalc-Info.plist */ = {isa = PBXFileReference; lastKnownFileType = text.plist.xml; path = "PzCalc-Info.plist"; sourceTree = "<group>"; };
		051E2E21193F67C30061DDEC /* en */ = {isa = PBXFileReference; lastKnownFileType = text.plist.strings; name = en; path = en.lproj/InfoPlist.strings; sourceTree = "<group>"; };
		051E2E23193F67C30061DDEC /* PZMain.m */ = {isa = PBXFileReference; lastKnownFileType = sourcecode.c.objc; name = PZMain.m; path = ../../Source/PZMain.m; sourceTree = "<group>"; };
		051E2E25193F67C30061DDEC /* PzCalc-Prefix.pch */ = {isa = PBXFileReference; lastKnownFileType = sourcecode.c.h; path = "PzCalc-Prefix.pch"; sourceTree = "<group>"; };
		051E2E2A193F67C30061DDEC /* Base */ = {isa = PBXFileReference; lastKnownFileType = file.storyboard; name = Base; path = Base.lproj/Main_iPhone.storyboard; sourceTree = "<group>"; };
		051E2E2D193F67C40061DDEC /* Base */ = {isa = PBXFileReference; lastKnownFileType = file.storyboard; name = Base; path = Base.lproj/Main_iPad.storyboard; sourceTree = "<group>"; };
		051E2E32193F67C40061DDEC /* Images.xcassets */ = {isa = PBXFileReference; lastKnownFileType = folder.assetcatalog; path = Images.xcassets; sourceTree = "<group>"; };
		051E2E38193F67C40061DDEC /* PzCalcTests.xctest */ = {isa = PBXFileReference; explicitFileType = wrapper.cfbundle; includeInIndex = 0; path = PzCalcTests.xctest; sourceTree = BUILT_PRODUCTS_DIR; };
		051E2E39193F67C40061DDEC /* XCTest.framework */ = {isa = PBXFileReference; lastKnownFileType = wrapper.framework; name = XCTest.framework; path = Library/Frameworks/XCTest.framework; sourceTree = DEVELOPER_DIR; };
		051E2E41193F67C40061DDEC /* PzCalcTests-Info.plist */ = {isa = PBXFileReference; lastKnownFileType = text.plist.xml; path = "PzCalcTests-Info.plist"; sourceTree = "<group>"; };
		051E2E43193F67C40061DDEC /* en */ = {isa = PBXFileReference; lastKnownFileType = text.plist.strings; name = en; path = en.lproj/InfoPlist.strings; sourceTree = "<group>"; };
		051E2E45193F67C40061DDEC /* PzCalcTests.m */ = {isa = PBXFileReference; lastKnownFileType = sourcecode.c.objc; path = PzCalcTests.m; sourceTree = "<group>"; };
		05A5C527193F6C1700EC753F /* PZAppDelegate.h */ = {isa = PBXFileReference; fileEncoding = 4; lastKnownFileType = sourcecode.c.h; name = PZAppDelegate.h; path = ../../Source/PZAppDelegate.h; sourceTree = "<group>"; };
		05A5C528193F6C1700EC753F /* PZAppDelegate.m */ = {isa = PBXFileReference; fileEncoding = 4; lastKnownFileType = sourcecode.c.objc; name = PZAppDelegate.m; path = ../../Source/PZAppDelegate.m; sourceTree = "<group>"; };
		05A5C529193F6C1700EC753F /* PZViewController.h */ = {isa = PBXFileReference; fileEncoding = 4; lastKnownFileType = sourcecode.c.h; name = PZViewController.h; path = ../../Source/PZViewController.h; sourceTree = "<group>"; };
		05A5C52A193F6C1700EC753F /* PZViewController.m */ = {isa = PBXFileReference; fileEncoding = 4; lastKnownFileType = sourcecode.c.objc; name = PZViewController.m; path = ../../Source/PZViewController.m; sourceTree = "<group>"; };
/* End PBXFileReference section */

/* Begin PBXFrameworksBuildPhase section */
		051E2E11193F67C30061DDEC /* Frameworks */ = {
			isa = PBXFrameworksBuildPhase;
			buildActionMask = 2147483647;
			files = (
				051E2E1A193F67C30061DDEC /* CoreGraphics.framework in Frameworks */,
				051E2E1C193F67C30061DDEC /* UIKit.framework in Frameworks */,
				051E2E18193F67C30061DDEC /* Foundation.framework in Frameworks */,
			);
			runOnlyForDeploymentPostprocessing = 0;
		};
		051E2E35193F67C40061DDEC /* Frameworks */ = {
			isa = PBXFrameworksBuildPhase;
			buildActionMask = 2147483647;
			files = (
				051E2E3A193F67C40061DDEC /* XCTest.framework in Frameworks */,
				051E2E3C193F67C40061DDEC /* UIKit.framework in Frameworks */,
				051E2E3B193F67C40061DDEC /* Foundation.framework in Frameworks */,
			);
			runOnlyForDeploymentPostprocessing = 0;
		};
/* End PBXFrameworksBuildPhase section */

/* Begin PBXGroup section */
		051E2E0B193F67C30061DDEC = {
			isa = PBXGroup;
			children = (
				051E2E1D193F67C30061DDEC /* PzCalc */,
				051E2E3F193F67C40061DDEC /* PzCalcTests */,
				051E2E16193F67C30061DDEC /* Frameworks */,
				051E2E15193F67C30061DDEC /* Products */,
			);
			sourceTree = "<group>";
		};
		051E2E15193F67C30061DDEC /* Products */ = {
			isa = PBXGroup;
			children = (
				051E2E14193F67C30061DDEC /* PzCalc.app */,
				051E2E38193F67C40061DDEC /* PzCalcTests.xctest */,
			);
			name = Products;
			sourceTree = "<group>";
		};
		051E2E16193F67C30061DDEC /* Frameworks */ = {
			isa = PBXGroup;
			children = (
				051E2E17193F67C30061DDEC /* Foundation.framework */,
				051E2E19193F67C30061DDEC /* CoreGraphics.framework */,
				051E2E1B193F67C30061DDEC /* UIKit.framework */,
				051E2E39193F67C40061DDEC /* XCTest.framework */,
			);
			name = Frameworks;
			sourceTree = "<group>";
		};
		051E2E1D193F67C30061DDEC /* PzCalc */ = {
			isa = PBXGroup;
			children = (
				051E2E23193F67C30061DDEC /* PZMain.m */,
				05A5C527193F6C1700EC753F /* PZAppDelegate.h */,
				05A5C528193F6C1700EC753F /* PZAppDelegate.m */,
				05A5C529193F6C1700EC753F /* PZViewController.h */,
				05A5C52A193F6C1700EC753F /* PZViewController.m */,
				051E2E29193F67C30061DDEC /* Main_iPhone.storyboard */,
				051E2E2C193F67C40061DDEC /* Main_iPad.storyboard */,
				051E2E32193F67C40061DDEC /* Images.xcassets */,
				051E2E1E193F67C30061DDEC /* Supporting Files */,
			);
			path = PzCalc;
			sourceTree = "<group>";
		};
		051E2E1E193F67C30061DDEC /* Supporting Files */ = {
			isa = PBXGroup;
			children = (
				051E2E1F193F67C30061DDEC /* PzCalc-Info.plist */,
				051E2E20193F67C30061DDEC /* InfoPlist.strings */,
				051E2E25193F67C30061DDEC /* PzCalc-Prefix.pch */,
			);
			name = "Supporting Files";
			sourceTree = "<group>";
		};
		051E2E3F193F67C40061DDEC /* PzCalcTests */ = {
			isa = PBXGroup;
			children = (
				051E2E45193F67C40061DDEC /* PzCalcTests.m */,
				051E2E40193F67C40061DDEC /* Supporting Files */,
			);
			path = PzCalcTests;
			sourceTree = "<group>";
		};
		051E2E40193F67C40061DDEC /* Supporting Files */ = {
			isa = PBXGroup;
			children = (
				051E2E41193F67C40061DDEC /* PzCalcTests-Info.plist */,
				051E2E42193F67C40061DDEC /* InfoPlist.strings */,
			);
			name = "Supporting Files";
			sourceTree = "<group>";
		};
/* End PBXGroup section */

/* Begin PBXNativeTarget section */
		051E2E13193F67C30061DDEC /* PzCalc */ = {
			isa = PBXNativeTarget;
			buildConfigurationList = 051E2E49193F67C40061DDEC /* Build configuration list for PBXNativeTarget "PzCalc" */;
			buildPhases = (
				051E2E10193F67C30061DDEC /* Sources */,
				051E2E11193F67C30061DDEC /* Frameworks */,
				051E2E12193F67C30061DDEC /* Resources */,
			);
			buildRules = (
			);
			dependencies = (
			);
			name = PzCalc;
			productName = PzCalc;
			productReference = 051E2E14193F67C30061DDEC /* PzCalc.app */;
			productType = "com.apple.product-type.application";
		};
		051E2E37193F67C40061DDEC /* PzCalcTests */ = {
			isa = PBXNativeTarget;
			buildConfigurationList = 051E2E4C193F67C40061DDEC /* Build configuration list for PBXNativeTarget "PzCalcTests" */;
			buildPhases = (
				051E2E34193F67C40061DDEC /* Sources */,
				051E2E35193F67C40061DDEC /* Frameworks */,
				051E2E36193F67C40061DDEC /* Resources */,
			);
			buildRules = (
			);
			dependencies = (
				051E2E3E193F67C40061DDEC /* PBXTargetDependency */,
			);
			name = PzCalcTests;
			productName = PzCalcTests;
			productReference = 051E2E38193F67C40061DDEC /* PzCalcTests.xctest */;
			productType = "com.apple.product-type.bundle.unit-test";
		};
/* End PBXNativeTarget section */

/* Begin PBXProject section */
		051E2E0C193F67C30061DDEC /* Project object */ = {
			isa = PBXProject;
			attributes = {
				CLASSPREFIX = PZ;
				LastUpgradeCheck = 0510;
				ORGANIZATIONNAME = "Steel Wheels Project";
				TargetAttributes = {
					051E2E37193F67C40061DDEC = {
						TestTargetID = 051E2E13193F67C30061DDEC;
					};
				};
			};
			buildConfigurationList = 051E2E0F193F67C30061DDEC /* Build configuration list for PBXProject "PzCalc" */;
			compatibilityVersion = "Xcode 3.2";
			developmentRegion = English;
			hasScannedForEncodings = 0;
			knownRegions = (
				en,
				Base,
			);
			mainGroup = 051E2E0B193F67C30061DDEC;
			productRefGroup = 051E2E15193F67C30061DDEC /* Products */;
			projectDirPath = "";
			projectRoot = "";
			targets = (
				051E2E13193F67C30061DDEC /* PzCalc */,
				051E2E37193F67C40061DDEC /* PzCalcTests */,
			);
		};
/* End PBXProject section */

/* Begin PBXResourcesBuildPhase section */
		051E2E12193F67C30061DDEC /* Resources */ = {
			isa = PBXResourcesBuildPhase;
			buildActionMask = 2147483647;
			files = (
				051E2E2E193F67C40061DDEC /* Main_iPad.storyboard in Resources */,
				051E2E33193F67C40061DDEC /* Images.xcassets in Resources */,
				051E2E2B193F67C30061DDEC /* Main_iPhone.storyboard in Resources */,
				051E2E22193F67C30061DDEC /* InfoPlist.strings in Resources */,
			);
			runOnlyForDeploymentPostprocessing = 0;
		};
		051E2E36193F67C40061DDEC /* Resources */ = {
			isa = PBXResourcesBuildPhase;
			buildActionMask = 2147483647;
			files = (
				051E2E44193F67C40061DDEC /* InfoPlist.strings in Resources */,
			);
			runOnlyForDeploymentPostprocessing = 0;
		};
/* End PBXResourcesBuildPhase section */

/* Begin PBXSourcesBuildPhase section */
		051E2E10193F67C30061DDEC /* Sources */ = {
			isa = PBXSourcesBuildPhase;
			buildActionMask = 2147483647;
			files = (
				05A5C52C193F6C1700EC753F /* PZViewController.m in Sources */,
				05A5C52B193F6C1700EC753F /* PZAppDelegate.m in Sources */,
				051E2E24193F67C30061DDEC /* PZMain.m in Sources */,
			);
			runOnlyForDeploymentPostprocessing = 0;
		};
		051E2E34193F67C40061DDEC /* Sources */ = {
			isa = PBXSourcesBuildPhase;
			buildActionMask = 2147483647;
			files = (
				051E2E46193F67C40061DDEC /* PzCalcTests.m in Sources */,
			);
			runOnlyForDeploymentPostprocessing = 0;
		};
/* End PBXSourcesBuildPhase section */

/* Begin PBXTargetDependency section */
		051E2E3E193F67C40061DDEC /* PBXTargetDependency */ = {
			isa = PBXTargetDependency;
			target = 051E2E13193F67C30061DDEC /* PzCalc */;
			targetProxy = 051E2E3D193F67C40061DDEC /* PBXContainerItemProxy */;
		};
/* End PBXTargetDependency section */

/* Begin PBXVariantGroup section */
		051E2E20193F67C30061DDEC /* InfoPlist.strings */ = {
			isa = PBXVariantGroup;
			children = (
				051E2E21193F67C30061DDEC /* en */,
			);
			name = InfoPlist.strings;
			sourceTree = "<group>";
		};
		051E2E29193F67C30061DDEC /* Main_iPhone.storyboard */ = {
			isa = PBXVariantGroup;
			children = (
				051E2E2A193F67C30061DDEC /* Base */,
			);
			name = Main_iPhone.storyboard;
			sourceTree = "<group>";
		};
		051E2E2C193F67C40061DDEC /* Main_iPad.storyboard */ = {
			isa = PBXVariantGroup;
			children = (
				051E2E2D193F67C40061DDEC /* Base */,
			);
			name = Main_iPad.storyboard;
			sourceTree = "<group>";
		};
		051E2E42193F67C40061DDEC /* InfoPlist.strings */ = {
			isa = PBXVariantGroup;
			children = (
				051E2E43193F67C40061DDEC /* en */,
			);
			name = InfoPlist.strings;
			sourceTree = "<group>";
		};
/* End PBXVariantGroup section */

/* Begin XCBuildConfiguration section */
		051E2E47193F67C40061DDEC /* Debug */ = {
			isa = XCBuildConfiguration;
			buildSettings = {
				ALWAYS_SEARCH_USER_PATHS = NO;
				CLANG_CXX_LANGUAGE_STANDARD = "gnu++0x";
				CLANG_CXX_LIBRARY = "libc++";
				CLANG_ENABLE_MODULES = YES;
				CLANG_ENABLE_OBJC_ARC = YES;
				CLANG_WARN_BOOL_CONVERSION = YES;
				CLANG_WARN_CONSTANT_CONVERSION = YES;
				CLANG_WARN_DIRECT_OBJC_ISA_USAGE = YES_ERROR;
				CLANG_WARN_EMPTY_BODY = YES;
				CLANG_WARN_ENUM_CONVERSION = YES;
				CLANG_WARN_INT_CONVERSION = YES;
				CLANG_WARN_OBJC_ROOT_CLASS = YES_ERROR;
				CLANG_WARN__DUPLICATE_METHOD_MATCH = YES;
				"CODE_SIGN_IDENTITY[sdk=iphoneos*]" = "iPhone Developer";
				COPY_PHASE_STRIP = NO;
				GCC_C_LANGUAGE_STANDARD = gnu99;
				GCC_DYNAMIC_NO_PIC = NO;
				GCC_OPTIMIZATION_LEVEL = 0;
				GCC_PREPROCESSOR_DEFINITIONS = (
					"DEBUG=1",
					"$(inherited)",
				);
				GCC_SYMBOLS_PRIVATE_EXTERN = NO;
				GCC_WARN_64_TO_32_BIT_CONVERSION = YES;
				GCC_WARN_ABOUT_RETURN_TYPE = YES_ERROR;
				GCC_WARN_UNDECLARED_SELECTOR = YES;
				GCC_WARN_UNINITIALIZED_AUTOS = YES_AGGRESSIVE;
				GCC_WARN_UNUSED_FUNCTION = YES;
				GCC_WARN_UNUSED_VARIABLE = YES;
				IPHONEOS_DEPLOYMENT_TARGET = 7.1;
				ONLY_ACTIVE_ARCH = YES;
				SDKROOT = iphoneos;
				TARGETED_DEVICE_FAMILY = "1,2";
			};
			name = Debug;
		};
		051E2E48193F67C40061DDEC /* Release */ = {
			isa = XCBuildConfiguration;
			buildSettings = {
				ALWAYS_SEARCH_USER_PATHS = NO;
				CLANG_CXX_LANGUAGE_STANDARD = "gnu++0x";
				CLANG_CXX_LIBRARY = "libc++";
				CLANG_ENABLE_MODULES = YES;
				CLANG_ENABLE_OBJC_ARC = YES;
				CLANG_WARN_BOOL_CONVERSION = YES;
				CLANG_WARN_CONSTANT_CONVERSION = YES;
				CLANG_WARN_DIRECT_OBJC_ISA_USAGE = YES_ERROR;
				CLANG_WARN_EMPTY_BODY = YES;
				CLANG_WARN_ENUM_CONVERSION = YES;
				CLANG_WARN_INT_CONVERSION = YES;
				CLANG_WARN_OBJC_ROOT_CLASS = YES_ERROR;
				CLANG_WARN__DUPLICATE_METHOD_MATCH = YES;
				"CODE_SIGN_IDENTITY[sdk=iphoneos*]" = "iPhone Developer";
				COPY_PHASE_STRIP = YES;
				ENABLE_NS_ASSERTIONS = NO;
				GCC_C_LANGUAGE_STANDARD = gnu99;
				GCC_WARN_64_TO_32_BIT_CONVERSION = YES;
				GCC_WARN_ABOUT_RETURN_TYPE = YES_ERROR;
				GCC_WARN_UNDECLARED_SELECTOR = YES;
				GCC_WARN_UNINITIALIZED_AUTOS = YES_AGGRESSIVE;
				GCC_WARN_UNUSED_FUNCTION = YES;
				GCC_WARN_UNUSED_VARIABLE = YES;
				IPHONEOS_DEPLOYMENT_TARGET = 7.1;
				SDKROOT = iphoneos;
				TARGETED_DEVICE_FAMILY = "1,2";
				VALIDATE_PRODUCT = YES;
			};
			name = Release;
		};
		051E2E4A193F67C40061DDEC /* Debug */ = {
			isa = XCBuildConfiguration;
			buildSettings = {
				ASSETCATALOG_COMPILER_APPICON_NAME = AppIcon;
				ASSETCATALOG_COMPILER_LAUNCHIMAGE_NAME = LaunchImage;
				GCC_OPTIMIZATION_LEVEL = 2;
				GCC_PRECOMPILE_PREFIX_HEADER = YES;
				GCC_PREFIX_HEADER = "PzCalc/PzCalc-Prefix.pch";
				INFOPLIST_FILE = "PzCalc/PzCalc-Info.plist";
				PRODUCT_NAME = "$(TARGET_NAME)";
				WARNING_CFLAGS = (
					"-Wall",
					"-Werror",
				);
				WRAPPER_EXTENSION = app;
			};
			name = Debug;
		};
		051E2E4B193F67C40061DDEC /* Release */ = {
			isa = XCBuildConfiguration;
			buildSettings = {
				ASSETCATALOG_COMPILER_APPICON_NAME = AppIcon;
				ASSETCATALOG_COMPILER_LAUNCHIMAGE_NAME = LaunchImage;
				GCC_OPTIMIZATION_LEVEL = 2;
				GCC_PRECOMPILE_PREFIX_HEADER = YES;
				GCC_PREFIX_HEADER = "PzCalc/PzCalc-Prefix.pch";
				INFOPLIST_FILE = "PzCalc/PzCalc-Info.plist";
				PRODUCT_NAME = "$(TARGET_NAME)";
				WARNING_CFLAGS = (
					"-Wall",
					"-Werror",
				);
				WRAPPER_EXTENSION = app;
			};
			name = Release;
		};
		051E2E4D193F67C40061DDEC /* Debug */ = {
			isa = XCBuildConfiguration;
			buildSettings = {
				BUNDLE_LOADER = "$(BUILT_PRODUCTS_DIR)/PzCalc.app/PzCalc";
				FRAMEWORK_SEARCH_PATHS = (
					"$(SDKROOT)/Developer/Library/Frameworks",
					"$(inherited)",
					"$(DEVELOPER_FRAMEWORKS_DIR)",
				);
				GCC_PRECOMPILE_PREFIX_HEADER = YES;
				GCC_PREFIX_HEADER = "PzCalc/PzCalc-Prefix.pch";
				GCC_PREPROCESSOR_DEFINITIONS = (
					"DEBUG=1",
					"$(inherited)",
				);
				INFOPLIST_FILE = "PzCalcTests/PzCalcTests-Info.plist";
				PRODUCT_NAME = "$(TARGET_NAME)";
				TEST_HOST = "$(BUNDLE_LOADER)";
				WRAPPER_EXTENSION = xctest;
			};
			name = Debug;
		};
		051E2E4E193F67C40061DDEC /* Release */ = {
			isa = XCBuildConfiguration;
			buildSettings = {
				BUNDLE_LOADER = "$(BUILT_PRODUCTS_DIR)/PzCalc.app/PzCalc";
				FRAMEWORK_SEARCH_PATHS = (
					"$(SDKROOT)/Developer/Library/Frameworks",
					"$(inherited)",
					"$(DEVELOPER_FRAMEWORKS_DIR)",
				);
				GCC_PRECOMPILE_PREFIX_HEADER = YES;
				GCC_PREFIX_HEADER = "PzCalc/PzCalc-Prefix.pch";
				INFOPLIST_FILE = "PzCalcTests/PzCalcTests-Info.plist";
				PRODUCT_NAME = "$(TARGET_NAME)";
				TEST_HOST = "$(BUNDLE_LOADER)";
				WRAPPER_EXTENSION = xctest;
			};
			name = Release;
		};
/* End XCBuildConfiguration section */

/* Begin XCConfigurationList section */
		051E2E0F193F67C30061DDEC /* Build configuration list for PBXProject "PzCalc" */ = {
			isa = XCConfigurationList;
			buildConfigurations = (
				051E2E47193F67C40061DDEC /* Debug */,
				051E2E48193F67C40061DDEC /* Release */,
			);
			defaultConfigurationIsVisible = 0;
			defaultConfigurationName = Release;
		};
		051E2E49193F67C40061DDEC /* Build configuration list for PBXNativeTarget "PzCalc" */ = {
			isa = XCConfigurationList;
			buildConfigurations = (
				051E2E4A193F67C40061DDEC /* Debug */,
				051E2E4B193F67C40061DDEC /* Release */,
			);
			defaultConfigurationIsVisible = 0;
			defaultConfigurationName = Release;
		};
		051E2E4C193F67C40061DDEC /* Build configuration list for PBXNativeTarget "PzCalcTests" */ = {
			isa = XCConfigurationList;
			buildConfigurations = (
				051E2E4D193F67C40061DDEC /* Debug */,
				051E2E4E193F67C40061DDEC /* Release */,
			);
			defaultConfigurationIsVisible = 0;
			defaultConfigurationName = Release;
		};
/* End XCConfigurationList section */
	};
	rootObject = 051E2E0C193F67C30061DDEC /* Project object */;
}
